
Microsoft Visual Studio Solution File, Format Version 12.00
# Visual Studio Version 17
VisualStudioVersion = 17.0.31903.59
MinimumVisualStudioVersion = 10.0.40219.1
Project("{2150E333-8FDC-42A3-9474-1A3956D46DE8}") = "src", "src", "{827E0CD3-B72D-47B6-A68D-7590B98EB39B}"
EndProject
Project("{FAE04EC0-301F-11D3-BF4B-00C04F79EFBC}") = "GameSync.Core", "src\GameSync.Core\GameSync.Core.csproj", "{3AADE7A7-AE8A-4755-89ED-0C143D20B682}"
EndProject
Project("{FAE04EC0-301F-11D3-BF4B-00C04F79EFBC}") = "GameSync.Windows", "src\GameSync.Windows\GameSync.Windows.csproj", "{EDFBC4BE-875D-4760-A776-38DE454F8DBD}"
EndProject
Project("{FAE04EC0-301F-11D3-BF4B-00C04F79EFBC}") = "GameSync.App", "src\GameSync.App\GameSync.App.csproj", "{9D4896F6-BDD8-4872-A24B-40DB34A439DE}"
EndProject
Project("{2150E333-8FDC-42A3-9474-1A3956D46DE8}") = "tests", "tests", "{0AB3BF05-4346-4AA6-1389-037BE0695223}"
EndProject
Project("{FAE04EC0-301F-11D3-BF4B-00C04F79EFBC}") = "GameSync.Core.Tests", "tests\GameSync.Core.Tests\GameSync.Core.Tests.csproj", "{5DFBEAB1-CCBB-4299-A3D6-BAC6824FC7BD}"
EndProject
Project("{FAE04EC0-301F-11D3-BF4B-00C04F79EFBC}") = "GameSync.Storage.Drive", "src\GameSync.Storage.Drive\GameSync.Storage.Drive.csproj", "{C39C335C-13C6-4A2A-8C4A-99F9C8C8B6D0}"
EndProject
Project("{FAE04EC0-301F-11D3-BF4B-00C04F79EFBC}") = "GameSync.FakeGame", "tests\GameSync.FakeGame\GameSync.FakeGame.csproj", "{5BAD59E0-6EF6-4ED4-923C-37712CAF56C2}"
EndProject
Project("{FAE04EC0-301F-11D3-BF4B-00C04F79EFBC}") = "GameSync.Host", "src\GameSync.Host\GameSync.Host.csproj", "{E1DF8F38-FCAF-46E1-A529-CC05CF19B973}"
EndProject
Project("{FAE04EC0-301F-11D3-BF4B-00C04F79EFBC}") = "GameSync.Tray", "src\GameSync.Tray\GameSync.Tray.csproj", "{0C0366D6-B759-46E2-9FAA-A85EF7493283}"
EndProject
Project("{FAE04EC0-301F-11D3-BF4B-00C04F79EFBC}") = "GameSync.UI", "src\GameSync.UI\GameSync.UI.csproj", "{8148E88D-B4B3-4F2D-B387-26C2C8DE4F99}"
EndProject
Project("{2150E333-8FDC-42A3-9474-1A3956D46DE8}") = "tools", "tools", "{07C2787E-EAC7-C090-1BA3-A61EC2A24D84}"
EndProject
Project("{FAE04EC0-301F-11D3-BF4B-00C04F79EFBC}") = "GameSync.Snapshots", "tools\GameSync.Snapshots\GameSync.Snapshots.csproj", "{68DDA375-832A-4C7C-8725-F099C8800B6A}"
EndProject
Global
	GlobalSection(SolutionConfigurationPlatforms) = preSolution
		Debug|Any CPU = Debug|Any CPU
		Debug|x64 = Debug|x64
		Debug|x86 = Debug|x86
		Release|Any CPU = Release|Any CPU
		Release|x64 = Release|x64
		Release|x86 = Release|x86
	EndGlobalSection
	GlobalSection(ProjectConfigurationPlatforms) = postSolution
		{3AADE7A7-AE8A-4755-89ED-0C143D20B682}.Debug|Any CPU.ActiveCfg = Debug|Any CPU
		{3AADE7A7-AE8A-4755-89ED-0C143D20B682}.Debug|Any CPU.Build.0 = Debug|Any CPU
		{3AADE7A7-AE8A-4755-89ED-0C143D20B682}.Debug|x64.ActiveCfg = Debug|Any CPU
		{3AADE7A7-AE8A-4755-89ED-0C143D20B682}.Debug|x64.Build.0 = Debug|Any CPU
		{3AADE7A7-AE8A-4755-89ED-0C143D20B682}.Debug|x86.ActiveCfg = Debug|Any CPU
		{3AADE7A7-AE8A-4755-89ED-0C143D20B682}.Debug|x86.Build.0 = Debug|Any CPU
		{3AADE7A7-AE8A-4755-89ED-0C143D20B682}.Release|Any CPU.ActiveCfg = Release|Any CPU
		{3AADE7A7-AE8A-4755-89ED-0C143D20B682}.Release|Any CPU.Build.0 = Release|Any CPU
		{3AADE7A7-AE8A-4755-89ED-0C143D20B682}.Release|x64.ActiveCfg = Release|Any CPU
		{3AADE7A7-AE8A-4755-89ED-0C143D20B682}.Release|x64.Build.0 = Release|Any CPU
		{3AADE7A7-AE8A-4755-89ED-0C143D20B682}.Release|x86.ActiveCfg = Release|Any CPU
		{3AADE7A7-AE8A-4755-89ED-0C143D20B682}.Release|x86.Build.0 = Release|Any CPU
		{EDFBC4BE-875D-4760-A776-38DE454F8DBD}.Debug|Any CPU.ActiveCfg = Debug|Any CPU
		{EDFBC4BE-875D-4760-A776-38DE454F8DBD}.Debug|Any CPU.Build.0 = Debug|Any CPU
		{EDFBC4BE-875D-4760-A776-38DE454F8DBD}.Debug|x64.ActiveCfg = Debug|Any CPU
		{EDFBC4BE-875D-4760-A776-38DE454F8DBD}.Debug|x64.Build.0 = Debug|Any CPU
		{EDFBC4BE-875D-4760-A776-38DE454F8DBD}.Debug|x86.ActiveCfg = Debug|Any CPU
		{EDFBC4BE-875D-4760-A776-38DE454F8DBD}.Debug|x86.Build.0 = Debug|Any CPU
		{EDFBC4BE-875D-4760-A776-38DE454F8DBD}.Release|Any CPU.ActiveCfg = Release|Any CPU
		{EDFBC4BE-875D-4760-A776-38DE454F8DBD}.Release|Any CPU.Build.0 = Release|Any CPU
		{EDFBC4BE-875D-4760-A776-38DE454F8DBD}.Release|x64.ActiveCfg = Release|Any CPU
		{EDFBC4BE-875D-4760-A776-38DE454F8DBD}.Release|x64.Build.0 = Release|Any CPU
		{EDFBC4BE-875D-4760-A776-38DE454F8DBD}.Release|x86.ActiveCfg = Release|Any CPU
		{EDFBC4BE-875D-4760-A776-38DE454F8DBD}.Release|x86.Build.0 = Release|Any CPU
		{9D4896F6-BDD8-4872-A24B-40DB34A439DE}.Debug|Any CPU.ActiveCfg = Debug|Any CPU
		{9D4896F6-BDD8-4872-A24B-40DB34A439DE}.Debug|Any CPU.Build.0 = Debug|Any CPU
		{9D4896F6-BDD8-4872-A24B-40DB34A439DE}.Debug|x64.ActiveCfg = Debug|Any CPU
		{9D4896F6-BDD8-4872-A24B-40DB34A439DE}.Debug|x64.Build.0 = Debug|Any CPU
		{9D4896F6-BDD8-4872-A24B-40DB34A439DE}.Debug|x86.ActiveCfg = Debug|Any CPU
		{9D4896F6-BDD8-4872-A24B-40DB34A439DE}.Debug|x86.Build.0 = Debug|Any CPU
		{9D4896F6-BDD8-4872-A24B-40DB34A439DE}.Release|Any CPU.ActiveCfg = Release|Any CPU
		{9D4896F6-BDD8-4872-A24B-40DB34A439DE}.Release|Any CPU.Build.0 = Release|Any CPU
		{9D4896F6-BDD8-4872-A24B-40DB34A439DE}.Release|x64.ActiveCfg = Release|Any CPU
		{9D4896F6-BDD8-4872-A24B-40DB34A439DE}.Release|x64.Build.0 = Release|Any CPU
		{9D4896F6-BDD8-4872-A24B-40DB34A439DE}.Release|x86.ActiveCfg = Release|Any CPU
		{9D4896F6-BDD8-4872-A24B-40DB34A439DE}.Release|x86.Build.0 = Release|Any CPU
		{5DFBEAB1-CCBB-4299-A3D6-BAC6824FC7BD}.Debug|Any CPU.ActiveCfg = Debug|Any CPU
		{5DFBEAB1-CCBB-4299-A3D6-BAC6824FC7BD}.Debug|Any CPU.Build.0 = Debug|Any CPU
		{5DFBEAB1-CCBB-4299-A3D6-BAC6824FC7BD}.Debug|x64.ActiveCfg = Debug|Any CPU
		{5DFBEAB1-CCBB-4299-A3D6-BAC6824FC7BD}.Debug|x64.Build.0 = Debug|Any CPU
		{5DFBEAB1-CCBB-4299-A3D6-BAC6824FC7BD}.Debug|x86.ActiveCfg = Debug|Any CPU
		{5DFBEAB1-CCBB-4299-A3D6-BAC6824FC7BD}.Debug|x86.Build.0 = Debug|Any CPU
		{5DFBEAB1-CCBB-4299-A3D6-BAC6824FC7BD}.Release|Any CPU.ActiveCfg = Release|Any CPU
		{5DFBEAB1-CCBB-4299-A3D6-BAC6824FC7BD}.Release|Any CPU.Build.0 = Release|Any CPU
		{5DFBEAB1-CCBB-4299-A3D6-BAC6824FC7BD}.Release|x64.ActiveCfg = Release|Any CPU
		{5DFBEAB1-CCBB-4299-A3D6-BAC6824FC7BD}.Release|x64.Build.0 = Release|Any CPU
		{5DFBEAB1-CCBB-4299-A3D6-BAC6824FC7BD}.Release|x86.ActiveCfg = Release|Any CPU
		{5DFBEAB1-CCBB-4299-A3D6-BAC6824FC7BD}.Release|x86.Build.0 = Release|Any CPU
		{C39C335C-13C6-4A2A-8C4A-99F9C8C8B6D0}.Debug|Any CPU.ActiveCfg = Debug|Any CPU
		{C39C335C-13C6-4A2A-8C4A-99F9C8C8B6D0}.Debug|Any CPU.Build.0 = Debug|Any CPU
		{C39C335C-13C6-4A2A-8C4A-99F9C8C8B6D0}.Debug|x64.ActiveCfg = Debug|Any CPU
		{C39C335C-13C6-4A2A-8C4A-99F9C8C8B6D0}.Debug|x64.Build.0 = Debug|Any CPU
		{C39C335C-13C6-4A2A-8C4A-99F9C8C8B6D0}.Debug|x86.ActiveCfg = Debug|Any CPU
		{C39C335C-13C6-4A2A-8C4A-99F9C8C8B6D0}.Debug|x86.Build.0 = Debug|Any CPU
		{C39C335C-13C6-4A2A-8C4A-99F9C8C8B6D0}.Release|Any CPU.ActiveCfg = Release|Any CPU
		{C39C335C-13C6-4A2A-8C4A-99F9C8C8B6D0}.Release|Any CPU.Build.0 = Release|Any CPU
		{C39C335C-13C6-4A2A-8C4A-99F9C8C8B6D0}.Release|x64.ActiveCfg = Release|Any CPU
		{C39C335C-13C6-4A2A-8C4A-99F9C8C8B6D0}.Release|x64.Build.0 = Release|Any CPU
		{C39C335C-13C6-4A2A-8C4A-99F9C8C8B6D0}.Release|x86.ActiveCfg = Release|Any CPU
		{C39C335C-13C6-4A2A-8C4A-99F9C8C8B6D0}.Release|x86.Build.0 = Release|Any CPU
		{5BAD59E0-6EF6-4ED4-923C-37712CAF56C2}.Debug|Any CPU.ActiveCfg = Debug|Any CPU
		{5BAD59E0-6EF6-4ED4-923C-37712CAF56C2}.Debug|Any CPU.Build.0 = Debug|Any CPU
		{5BAD59E0-6EF6-4ED4-923C-37712CAF56C2}.Debug|x64.ActiveCfg = Debug|Any CPU
		{5BAD59E0-6EF6-4ED4-923C-37712CAF56C2}.Debug|x64.Build.0 = Debug|Any CPU
		{5BAD59E0-6EF6-4ED4-923C-37712CAF56C2}.Debug|x86.ActiveCfg = Debug|Any CPU
		{5BAD59E0-6EF6-4ED4-923C-37712CAF56C2}.Debug|x86.Build.0 = Debug|Any CPU
		{5BAD59E0-6EF6-4ED4-923C-37712CAF56C2}.Release|Any CPU.ActiveCfg = Release|Any CPU
		{5BAD59E0-6EF6-4ED4-923C-37712CAF56C2}.Release|Any CPU.Build.0 = Release|Any CPU
		{5BAD59E0-6EF6-4ED4-923C-37712CAF56C2}.Release|x64.ActiveCfg = Release|Any CPU
		{5BAD59E0-6EF6-4ED4-923C-37712CAF56C2}.Release|x64.Build.0 = Release|Any CPU
		{5BAD59E0-6EF6-4ED4-923C-37712CAF56C2}.Release|x86.ActiveCfg = Release|Any CPU
		{5BAD59E0-6EF6-4ED4-923C-37712CAF56C2}.Release|x86.Build.0 = Release|Any CPU
		{E1DF8F38-FCAF-46E1-A529-CC05CF19B973}.Debug|Any CPU.ActiveCfg = Debug|Any CPU
		{E1DF8F38-FCAF-46E1-A529-CC05CF19B973}.Debug|Any CPU.Build.0 = Debug|Any CPU
		{E1DF8F38-FCAF-46E1-A529-CC05CF19B973}.Debug|x64.ActiveCfg = Debug|Any CPU
		{E1DF8F38-FCAF-46E1-A529-CC05CF19B973}.Debug|x64.Build.0 = Debug|Any CPU
		{E1DF8F38-FCAF-46E1-A529-CC05CF19B973}.Debug|x86.ActiveCfg = Debug|Any CPU
		{E1DF8F38-FCAF-46E1-A529-CC05CF19B973}.Debug|x86.Build.0 = Debug|Any CPU
		{E1DF8F38-FCAF-46E1-A529-CC05CF19B973}.Release|Any CPU.ActiveCfg = Release|Any CPU
		{E1DF8F38-FCAF-46E1-A529-CC05CF19B973}.Release|Any CPU.Build.0 = Release|Any CPU
		{E1DF8F38-FCAF-46E1-A529-CC05CF19B973}.Release|x64.ActiveCfg = Release|Any CPU
		{E1DF8F38-FCAF-46E1-A529-CC05CF19B973}.Release|x64.Build.0 = Release|Any CPU
		{E1DF8F38-FCAF-46E1-A529-CC05CF19B973}.Release|x86.ActiveCfg = Release|Any CPU
		{E1DF8F38-FCAF-46E1-A529-CC05CF19B973}.Release|x86.Build.0 = Release|Any CPU
		{0C0366D6-B759-46E2-9FAA-A85EF7493283}.Debug|Any CPU.ActiveCfg = Debug|Any CPU
		{0C0366D6-B759-46E2-9FAA-A85EF7493283}.Debug|Any CPU.Build.0 = Debug|Any CPU
		{0C0366D6-B759-46E2-9FAA-A85EF7493283}.Debug|x64.ActiveCfg = Debug|Any CPU
		{0C0366D6-B759-46E2-9FAA-A85EF7493283}.Debug|x64.Build.0 = Debug|Any CPU
		{0C0366D6-B759-46E2-9FAA-A85EF7493283}.Debug|x86.ActiveCfg = Debug|Any CPU
		{0C0366D6-B759-46E2-9FAA-A85EF7493283}.Debug|x86.Build.0 = Debug|Any CPU
		{0C0366D6-B759-46E2-9FAA-A85EF7493283}.Release|Any CPU.ActiveCfg = Release|Any CPU
		{0C0366D6-B759-46E2-9FAA-A85EF7493283}.Release|Any CPU.Build.0 = Release|Any CPU
		{0C0366D6-B759-46E2-9FAA-A85EF7493283}.Release|x64.ActiveCfg = Release|Any CPU
		{0C0366D6-B759-46E2-9FAA-A85EF7493283}.Release|x64.Build.0 = Release|Any CPU
		{0C0366D6-B759-46E2-9FAA-A85EF7493283}.Release|x86.ActiveCfg = Release|Any CPU
		{0C0366D6-B759-46E2-9FAA-A85EF7493283}.Release|x86.Build.0 = Release|Any CPU
		{8148E88D-B4B3-4F2D-B387-26C2C8DE4F99}.Debug|Any CPU.ActiveCfg = Debug|Any CPU
		{8148E88D-B4B3-4F2D-B387-26C2C8DE4F99}.Debug|Any CPU.Build.0 = Debug|Any CPU
		{8148E88D-B4B3-4F2D-B387-26C2C8DE4F99}.Debug|x64.ActiveCfg = Debug|Any CPU
		{8148E88D-B4B3-4F2D-B387-26C2C8DE4F99}.Debug|x64.Build.0 = Debug|Any CPU
		{8148E88D-B4B3-4F2D-B387-26C2C8DE4F99}.Debug|x86.ActiveCfg = Debug|Any CPU
		{8148E88D-B4B3-4F2D-B387-26C2C8DE4F99}.Debug|x86.Build.0 = Debug|Any CPU
		{8148E88D-B4B3-4F2D-B387-26C2C8DE4F99}.Release|Any CPU.ActiveCfg = Release|Any CPU
		{8148E88D-B4B3-4F2D-B387-26C2C8DE4F99}.Release|Any CPU.Build.0 = Release|Any CPU
		{8148E88D-B4B3-4F2D-B387-26C2C8DE4F99}.Release|x64.ActiveCfg = Release|Any CPU
		{8148E88D-B4B3-4F2D-B387-26C2C8DE4F99}.Release|x64.Build.0 = Release|Any CPU
		{8148E88D-B4B3-4F2D-B387-26C2C8DE4F99}.Release|x86.ActiveCfg = Release|Any CPU
		{8148E88D-B4B3-4F2D-B387-26C2C8DE4F99}.Release|x86.Build.0 = Release|Any CPU
		{68DDA375-832A-4C7C-8725-F099C8800B6A}.Debug|Any CPU.ActiveCfg = Debug|Any CPU
		{68DDA375-832A-4C7C-8725-F099C8800B6A}.Debug|Any CPU.Build.0 = Debug|Any CPU
		{68DDA375-832A-4C7C-8725-F099C8800B6A}.Debug|x64.ActiveCfg = Debug|Any CPU
		{68DDA375-832A-4C7C-8725-F099C8800B6A}.Debug|x64.Build.0 = Debug|Any CPU
		{68DDA375-832A-4C7C-8725-F099C8800B6A}.Debug|x86.ActiveCfg = Debug|Any CPU
		{68DDA375-832A-4C7C-8725-F099C8800B6A}.Debug|x86.Build.0 = Debug|Any CPU
		{68DDA375-832A-4C7C-8725-F099C8800B6A}.Release|Any CPU.ActiveCfg = Release|Any CPU
		{68DDA375-832A-4C7C-8725-F099C8800B6A}.Release|Any CPU.Build.0 = Release|Any CPU
		{68DDA375-832A-4C7C-8725-F099C8800B6A}.Release|x64.ActiveCfg = Release|Any CPU
		{68DDA375-832A-4C7C-8725-F099C8800B6A}.Release|x64.Build.0 = Release|Any CPU
		{68DDA375-832A-4C7C-8725-F099C8800B6A}.Release|x86.ActiveCfg = Release|Any CPU
		{68DDA375-832A-4C7C-8725-F099C8800B6A}.Release|x86.Build.0 = Release|Any CPU
	EndGlobalSection
	GlobalSection(SolutionProperties) = preSolution
		HideSolutionNode = FALSE
	EndGlobalSection
	GlobalSection(NestedProjects) = preSolution
		{3AADE7A7-AE8A-4755-89ED-0C143D20B682} = {827E0CD3-B72D-47B6-A68D-7590B98EB39B}
		{EDFBC4BE-875D-4760-A776-38DE454F8DBD} = {827E0CD3-B72D-47B6-A68D-7590B98EB39B}
		{9D4896F6-BDD8-4872-A24B-40DB34A439DE} = {827E0CD3-B72D-47B6-A68D-7590B98EB39B}
		{5DFBEAB1-CCBB-4299-A3D6-BAC6824FC7BD} = {0AB3BF05-4346-4AA6-1389-037BE0695223}
		{C39C335C-13C6-4A2A-8C4A-99F9C8C8B6D0} = {827E0CD3-B72D-47B6-A68D-7590B98EB39B}
		{5BAD59E0-6EF6-4ED4-923C-37712CAF56C2} = {0AB3BF05-4346-4AA6-1389-037BE0695223}
		{E1DF8F38-FCAF-46E1-A529-CC05CF19B973} = {827E0CD3-B72D-47B6-A68D-7590B98EB39B}
		{0C0366D6-B759-46E2-9FAA-A85EF7493283} = {827E0CD3-B72D-47B6-A68D-7590B98EB39B}
		{8148E88D-B4B3-4F2D-B387-26C2C8DE4F99} = {827E0CD3-B72D-47B6-A68D-7590B98EB39B}
		{68DDA375-832A-4C7C-8725-F099C8800B6A} = {07C2787E-EAC7-C090-1BA3-A61EC2A24D84}
	EndGlobalSection
EndGlobal
